
Microsoft Visual Studio Solution File, Format Version 12.00
# Visual Studio 15
VisualStudioVersion = 15.0.26430.16
MinimumVisualStudioVersion = 10.0.40219.1
Project("{FAE04EC0-301F-11D3-BF4B-00C04F79EFBC}") = "FCamara.Product.Api", "FCamara\FCamara.Product.Api.csproj", "{757049ED-FBAC-49AA-A296-19E13A693E83}"
EndProject
Project("{2150E333-8FDC-42A3-9474-1A3956D46DE8}") = "FCamara.Product", "FCamara.Product", "{BE2DFD61-661C-4BC6-9F90-DAB37E46B0D9}"
EndProject
Project("{2150E333-8FDC-42A3-9474-1A3956D46DE8}") = "FCamara.CrossCutting", "FCamara.CrossCutting", "{8B09F463-0564-4292-B559-F3CAEE17AAEA}"
EndProject
Project("{FAE04EC0-301F-11D3-BF4B-00C04F79EFBC}") = "FCamara.Product.WebApp", "FCamara.Product.WebApp\FCamara.Product.WebApp.csproj", "{F58C32E6-C9D3-441A-B063-EDAC915C8F83}"
EndProject
Global
	GlobalSection(SolutionConfigurationPlatforms) = preSolution
		Debug|Any CPU = Debug|Any CPU
		Release|Any CPU = Release|Any CPU
	EndGlobalSection
	GlobalSection(ProjectConfigurationPlatforms) = postSolution
		{757049ED-FBAC-49AA-A296-19E13A693E83}.Debug|Any CPU.ActiveCfg = Debug|Any CPU
		{757049ED-FBAC-49AA-A296-19E13A693E83}.Debug|Any CPU.Build.0 = Debug|Any CPU
		{757049ED-FBAC-49AA-A296-19E13A693E83}.Release|Any CPU.ActiveCfg = Release|Any CPU
		{757049ED-FBAC-49AA-A296-19E13A693E83}.Release|Any CPU.Build.0 = Release|Any CPU
		{F58C32E6-C9D3-441A-B063-EDAC915C8F83}.Debug|Any CPU.ActiveCfg = Debug|Any CPU
		{F58C32E6-C9D3-441A-B063-EDAC915C8F83}.Debug|Any CPU.Build.0 = Debug|Any CPU
		{F58C32E6-C9D3-441A-B063-EDAC915C8F83}.Release|Any CPU.ActiveCfg = Release|Any CPU
		{F58C32E6-C9D3-441A-B063-EDAC915C8F83}.Release|Any CPU.Build.0 = Release|Any CPU
	EndGlobalSection
	GlobalSection(SolutionProperties) = preSolution
		HideSolutionNode = FALSE
	EndGlobalSection
	GlobalSection(NestedProjects) = preSolution
		{757049ED-FBAC-49AA-A296-19E13A693E83} = {BE2DFD61-661C-4BC6-9F90-DAB37E46B0D9}
		{F58C32E6-C9D3-441A-B063-EDAC915C8F83} = {BE2DFD61-661C-4BC6-9F90-DAB37E46B0D9}
	EndGlobalSection
EndGlobal
